// !$*UTF8*$!
{
	archiveVersion = 1;
	classes = {
	};
	objectVersion = 46;
	objects = {

/* Begin PBXBuildFile section */
		BE6D6A991E83BCF10017D3AF /* main.m in Sources */ = {isa = PBXBuildFile; fileRef = BE6D6A981E83BCF10017D3AF /* main.m */; };
		BE6D6A9C1E83BCF10017D3AF /* AppDelegate.m in Sources */ = {isa = PBXBuildFile; fileRef = BE6D6A9B1E83BCF10017D3AF /* AppDelegate.m */; };
		BE6D6AA21E83BCF10017D3AF /* Main.storyboard in Resources */ = {isa = PBXBuildFile; fileRef = BE6D6AA01E83BCF10017D3AF /* Main.storyboard */; };
		BE6D6AA41E83BCF10017D3AF /* Assets.xcassets in Resources */ = {isa = PBXBuildFile; fileRef = BE6D6AA31E83BCF10017D3AF /* Assets.xcassets */; };
		BE6D6AA71E83BCF10017D3AF /* LaunchScreen.storyboard in Resources */ = {isa = PBXBuildFile; fileRef = BE6D6AA51E83BCF10017D3AF /* LaunchScreen.storyboard */; };
		BE6D6AB91E83BD030017D3AF /* TMLVideoIdentityVC.m in Sources */ = {isa = PBXBuildFile; fileRef = BE6D6AB41E83BD030017D3AF /* TMLVideoIdentityVC.m */; };
		BE6D6ABA1E83BD030017D3AF /* TMLWebView.m in Sources */ = {isa = PBXBuildFile; fileRef = BE6D6AB71E83BD030017D3AF /* TMLWebView.m */; };
		BE6D6ABD1E83BDE20017D3AF /* TMLBaseNaviController.m in Sources */ = {isa = PBXBuildFile; fileRef = BE6D6ABC1E83BDE20017D3AF /* TMLBaseNaviController.m */; };
		BE6D6AC11E83BE4B0017D3AF /* TMLMainVC.m in Sources */ = {isa = PBXBuildFile; fileRef = BE6D6AC01E83BE4B0017D3AF /* TMLMainVC.m */; };
		BE6D6AC91E83C2D60017D3AF /* MBProgressHUD+TML.m in Sources */ = {isa = PBXBuildFile; fileRef = BE6D6AC51E83C2D60017D3AF /* MBProgressHUD+TML.m */; };
		BE6D6ACA1E83C2D60017D3AF /* MBProgressHUD.bundle in Resources */ = {isa = PBXBuildFile; fileRef = BE6D6AC61E83C2D60017D3AF /* MBProgressHUD.bundle */; };
		BE6D6ACB1E83C2D60017D3AF /* MBProgressHUD.m in Sources */ = {isa = PBXBuildFile; fileRef = BE6D6AC81E83C2D60017D3AF /* MBProgressHUD.m */; };
/* End PBXBuildFile section */

/* Begin PBXFileReference section */
		BE6D6A941E83BCF10017D3AF /* IdentityWebview.app */ = {isa = PBXFileReference; explicitFileType = wrapper.application; includeInIndex = 0; path = IdentityWebview.app; sourceTree = BUILT_PRODUCTS_DIR; };
		BE6D6A981E83BCF10017D3AF /* main.m */ = {isa = PBXFileReference; lastKnownFileType = sourcecode.c.objc; path = main.m; sourceTree = "<group>"; };
		BE6D6A9A1E83BCF10017D3AF /* AppDelegate.h */ = {isa = PBXFileReference; lastKnownFileType = sourcecode.c.h; path = AppDelegate.h; sourceTree = "<group>"; };
		BE6D6A9B1E83BCF10017D3AF /* AppDelegate.m */ = {isa = PBXFileReference; lastKnownFileType = sourcecode.c.objc; path = AppDelegate.m; sourceTree = "<group>"; };
		BE6D6AA11E83BCF10017D3AF /* Base */ = {isa = PBXFileReference; lastKnownFileType = file.storyboard; name = Base; path = Base.lproj/Main.storyboard; sourceTree = "<group>"; };
		BE6D6AA31E83BCF10017D3AF /* Assets.xcassets */ = {isa = PBXFileReference; lastKnownFileType = folder.assetcatalog; path = Assets.xcassets; sourceTree = "<group>"; };
		BE6D6AA61E83BCF10017D3AF /* Base */ = {isa = PBXFileReference; lastKnownFileType = file.storyboard; name = Base; path = Base.lproj/LaunchScreen.storyboard; sourceTree = "<group>"; };
		BE6D6AA81E83BCF10017D3AF /* Info.plist */ = {isa = PBXFileReference; lastKnownFileType = text.plist.xml; path = Info.plist; sourceTree = "<group>"; };
		BE6D6AB31E83BD030017D3AF /* TMLVideoIdentityVC.h */ = {isa = PBXFileReference; fileEncoding = 4; lastKnownFileType = sourcecode.c.h; path = TMLVideoIdentityVC.h; sourceTree = "<group>"; };
		BE6D6AB41E83BD030017D3AF /* TMLVideoIdentityVC.m */ = {isa = PBXFileReference; fileEncoding = 4; lastKnownFileType = sourcecode.c.objc; path = TMLVideoIdentityVC.m; sourceTree = "<group>"; };
		BE6D6AB61E83BD030017D3AF /* TMLWebView.h */ = {isa = PBXFileReference; fileEncoding = 4; lastKnownFileType = sourcecode.c.h; path = TMLWebView.h; sourceTree = "<group>"; };
		BE6D6AB71E83BD030017D3AF /* TMLWebView.m */ = {isa = PBXFileReference; fileEncoding = 4; lastKnownFileType = sourcecode.c.objc; path = TMLWebView.m; sourceTree = "<group>"; };
		BE6D6ABB1E83BDE20017D3AF /* TMLBaseNaviController.h */ = {isa = PBXFileReference; fileEncoding = 4; lastKnownFileType = sourcecode.c.h; path = TMLBaseNaviController.h; sourceTree = "<group>"; };
		BE6D6ABC1E83BDE20017D3AF /* TMLBaseNaviController.m */ = {isa = PBXFileReference; fileEncoding = 4; lastKnownFileType = sourcecode.c.objc; path = TMLBaseNaviController.m; sourceTree = "<group>"; };
		BE6D6ABE1E83BDFA0017D3AF /* identityContants.h */ = {isa = PBXFileReference; lastKnownFileType = sourcecode.c.h; path = identityContants.h; sourceTree = "<group>"; };
		BE6D6ABF1E83BE4B0017D3AF /* TMLMainVC.h */ = {isa = PBXFileReference; fileEncoding = 4; lastKnownFileType = sourcecode.c.h; path = TMLMainVC.h; sourceTree = "<group>"; };
		BE6D6AC01E83BE4B0017D3AF /* TMLMainVC.m */ = {isa = PBXFileReference; fileEncoding = 4; lastKnownFileType = sourcecode.c.objc; path = TMLMainVC.m; sourceTree = "<group>"; };
		BE6D6AC41E83C2D60017D3AF /* MBProgressHUD+TML.h */ = {isa = PBXFileReference; fileEncoding = 4; lastKnownFileType = sourcecode.c.h; path = "MBProgressHUD+TML.h"; sourceTree = "<group>"; };
		BE6D6AC51E83C2D60017D3AF /* MBProgressHUD+TML.m */ = {isa = PBXFileReference; fileEncoding = 4; lastKnownFileType = sourcecode.c.objc; path = "MBProgressHUD+TML.m"; sourceTree = "<group>"; };
		BE6D6AC61E83C2D60017D3AF /* MBProgressHUD.bundle */ = {isa = PBXFileReference; lastKnownFileType = "wrapper.plug-in"; path = MBProgressHUD.bundle; sourceTree = "<group>"; };
		BE6D6AC71E83C2D60017D3AF /* MBProgressHUD.h */ = {isa = PBXFileReference; fileEncoding = 4; lastKnownFileType = sourcecode.c.h; path = MBProgressHUD.h; sourceTree = "<group>"; };
		BE6D6AC81E83C2D60017D3AF /* MBProgressHUD.m */ = {isa = PBXFileReference; fileEncoding = 4; lastKnownFileType = sourcecode.c.objc; path = MBProgressHUD.m; sourceTree = "<group>"; };
/* End PBXFileReference section */

/* Begin PBXFrameworksBuildPhase section */
		BE6D6A911E83BCF10017D3AF /* Frameworks */ = {
			isa = PBXFrameworksBuildPhase;
			buildActionMask = 2147483647;
			files = (
			);
			runOnlyForDeploymentPostprocessing = 0;
		};
/* End PBXFrameworksBuildPhase section */

/* Begin PBXGroup section */
		BE6D6A8B1E83BCF10017D3AF = {
			isa = PBXGroup;
			children = (
				BE6D6A961E83BCF10017D3AF /* IdentityWebview */,
				BE6D6A951E83BCF10017D3AF /* Products */,
			);
			sourceTree = "<group>";
		};
		BE6D6A951E83BCF10017D3AF /* Products */ = {
			isa = PBXGroup;
			children = (
				BE6D6A941E83BCF10017D3AF /* IdentityWebview.app */,
			);
			name = Products;
			sourceTree = "<group>";
		};
		BE6D6A961E83BCF10017D3AF /* IdentityWebview */ = {
			isa = PBXGroup;
			children = (
				BE6D6AAE1E83BD030017D3AF /* identitySDK */,
				BE6D6A9A1E83BCF10017D3AF /* AppDelegate.h */,
				BE6D6A9B1E83BCF10017D3AF /* AppDelegate.m */,
				BE6D6ABB1E83BDE20017D3AF /* TMLBaseNaviController.h */,
				BE6D6ABC1E83BDE20017D3AF /* TMLBaseNaviController.m */,
				BE6D6ABF1E83BE4B0017D3AF /* TMLMainVC.h */,
				BE6D6AC01E83BE4B0017D3AF /* TMLMainVC.m */,
				BE6D6AA01E83BCF10017D3AF /* Main.storyboard */,
				BE6D6AA31E83BCF10017D3AF /* Assets.xcassets */,
				BE6D6AA51E83BCF10017D3AF /* LaunchScreen.storyboard */,
				BE6D6AA81E83BCF10017D3AF /* Info.plist */,
				BE6D6A971E83BCF10017D3AF /* Supporting Files */,
			);
			path = IdentityWebview;
			sourceTree = "<group>";
		};
		BE6D6A971E83BCF10017D3AF /* Supporting Files */ = {
			isa = PBXGroup;
			children = (
				BE6D6A981E83BCF10017D3AF /* main.m */,
			);
			name = "Supporting Files";
			sourceTree = "<group>";
		};
		BE6D6AAE1E83BD030017D3AF /* identitySDK */ = {
			isa = PBXGroup;
			children = (
				BE6D6AC21E83C1860017D3AF /* lib */,
				BE6D6AAF1E83BD030017D3AF /* classes  */,
				BE6D6AB01E83BD030017D3AF /* Controller */,
				BE6D6AB51E83BD030017D3AF /* view */,
			);
			path = identitySDK;
			sourceTree = "<group>";
		};
		BE6D6AAF1E83BD030017D3AF /* classes  */ = {
			isa = PBXGroup;
			children = (
				BE6D6ABE1E83BDFA0017D3AF /* identityContants.h */,
			);
			path = "classes ";
			sourceTree = "<group>";
		};
		BE6D6AB01E83BD030017D3AF /* Controller */ = {
			isa = PBXGroup;
			children = (
				BE6D6AB31E83BD030017D3AF /* TMLVideoIdentityVC.h */,
				BE6D6AB41E83BD030017D3AF /* TMLVideoIdentityVC.m */,
			);
			path = Controller;
			sourceTree = "<group>";
		};
		BE6D6AB51E83BD030017D3AF /* view */ = {
			isa = PBXGroup;
			children = (
				BE6D6AB61E83BD030017D3AF /* TMLWebView.h */,
				BE6D6AB71E83BD030017D3AF /* TMLWebView.m */,
			);
			path = view;
			sourceTree = "<group>";
		};
		BE6D6AC21E83C1860017D3AF /* lib */ = {
			isa = PBXGroup;
			children = (
				BE6D6AC31E83C2D60017D3AF /* MBProgressHUD */,
			);
			path = lib;
			sourceTree = "<group>";
		};
		BE6D6AC31E83C2D60017D3AF /* MBProgressHUD */ = {
			isa = PBXGroup;
			children = (
				BE6D6AC41E83C2D60017D3AF /* MBProgressHUD+TML.h */,
				BE6D6AC51E83C2D60017D3AF /* MBProgressHUD+TML.m */,
				BE6D6AC61E83C2D60017D3AF /* MBProgressHUD.bundle */,
				BE6D6AC71E83C2D60017D3AF /* MBProgressHUD.h */,
				BE6D6AC81E83C2D60017D3AF /* MBProgressHUD.m */,
			);
			path = MBProgressHUD;
			sourceTree = "<group>";
		};
/* End PBXGroup section */

/* Begin PBXNativeTarget section */
		BE6D6A931E83BCF10017D3AF /* IdentityWebview */ = {
			isa = PBXNativeTarget;
			buildConfigurationList = BE6D6AAB1E83BCF10017D3AF /* Build configuration list for PBXNativeTarget "IdentityWebview" */;
			buildPhases = (
				BE6D6A901E83BCF10017D3AF /* Sources */,
				BE6D6A911E83BCF10017D3AF /* Frameworks */,
				BE6D6A921E83BCF10017D3AF /* Resources */,
			);
			buildRules = (
			);
			dependencies = (
			);
			name = IdentityWebview;
			productName = IdentityWebview;
			productReference = BE6D6A941E83BCF10017D3AF /* IdentityWebview.app */;
			productType = "com.apple.product-type.application";
		};
/* End PBXNativeTarget section */

/* Begin PBXProject section */
		BE6D6A8C1E83BCF10017D3AF /* Project object */ = {
			isa = PBXProject;
			attributes = {
				LastUpgradeCheck = 0820;
				ORGANIZATIONNAME = charles;
				TargetAttributes = {
					BE6D6A931E83BCF10017D3AF = {
						CreatedOnToolsVersion = 8.2.1;
						DevelopmentTeam = 3RJ7DZKE88;
						ProvisioningStyle = Automatic;
					};
				};
			};
			buildConfigurationList = BE6D6A8F1E83BCF10017D3AF /* Build configuration list for PBXProject "IdentityWebview" */;
			compatibilityVersion = "Xcode 3.2";
			developmentRegion = English;
			hasScannedForEncodings = 0;
			knownRegions = (
				en,
				Base,
			);
			mainGroup = BE6D6A8B1E83BCF10017D3AF;
			productRefGroup = BE6D6A951E83BCF10017D3AF /* Products */;
			projectDirPath = "";
			projectRoot = "";
			targets = (
				BE6D6A931E83BCF10017D3AF /* IdentityWebview */,
			);
		};
/* End PBXProject section */

/* Begin PBXResourcesBuildPhase section */
		BE6D6A921E83BCF10017D3AF /* Resources */ = {
			isa = PBXResourcesBuildPhase;
			buildActionMask = 2147483647;
			files = (
				BE6D6AA71E83BCF10017D3AF /* LaunchScreen.storyboard in Resources */,
				BE6D6ACA1E83C2D60017D3AF /* MBProgressHUD.bundle in Resources */,
				BE6D6AA41E83BCF10017D3AF /* Assets.xcassets in Resources */,
				BE6D6AA21E83BCF10017D3AF /* Main.storyboard in Resources */,
			);
			runOnlyForDeploymentPostprocessing = 0;
		};
/* End PBXResourcesBuildPhase section */

/* Begin PBXSourcesBuildPhase section */
		BE6D6A901E83BCF10017D3AF /* Sources */ = {
			isa = PBXSourcesBuildPhase;
			buildActionMask = 2147483647;
			files = (
				BE6D6ABD1E83BDE20017D3AF /* TMLBaseNaviController.m in Sources */,
				BE6D6AB91E83BD030017D3AF /* TMLVideoIdentityVC.m in Sources */,
				BE6D6AC91E83C2D60017D3AF /* MBProgressHUD+TML.m in Sources */,
				BE6D6AC11E83BE4B0017D3AF /* TMLMainVC.m in Sources */,
				BE6D6ACB1E83C2D60017D3AF /* MBProgressHUD.m in Sources */,
				BE6D6ABA1E83BD030017D3AF /* TMLWebView.m in Sources */,
				BE6D6A9C1E83BCF10017D3AF /* AppDelegate.m in Sources */,
				BE6D6A991E83BCF10017D3AF /* main.m in Sources */,
			);
			runOnlyForDeploymentPostprocessing = 0;
		};
/* End PBXSourcesBuildPhase section */

/* Begin PBXVariantGroup section */
		BE6D6AA01E83BCF10017D3AF /* Main.storyboard */ = {
			isa = PBXVariantGroup;
			children = (
				BE6D6AA11E83BCF10017D3AF /* Base */,
			);
			name = Main.storyboard;
			sourceTree = "<group>";
		};
		BE6D6AA51E83BCF10017D3AF /* LaunchScreen.storyboard */ = {
			isa = PBXVariantGroup;
			children = (
				BE6D6AA61E83BCF10017D3AF /* Base */,
			);
			name = LaunchScreen.storyboard;
			sourceTree = "<group>";
		};
/* End PBXVariantGroup section */

/* Begin XCBuildConfiguration section */
		BE6D6AA91E83BCF10017D3AF /* Debug */ = {
			isa = XCBuildConfiguration;
			buildSettings = {
				ALWAYS_SEARCH_USER_PATHS = NO;
				CLANG_ANALYZER_NONNULL = YES;
				CLANG_CXX_LANGUAGE_STANDARD = "gnu++0x";
				CLANG_CXX_LIBRARY = "libc++";
				CLANG_ENABLE_MODULES = YES;
				CLANG_ENABLE_OBJC_ARC = YES;
				CLANG_WARN_BOOL_CONVERSION = YES;
				CLANG_WARN_CONSTANT_CONVERSION = YES;
				CLANG_WARN_DIRECT_OBJC_ISA_USAGE = YES_ERROR;
				CLANG_WARN_DOCUMENTATION_COMMENTS = YES;
				CLANG_WARN_EMPTY_BODY = YES;
				CLANG_WARN_ENUM_CONVERSION = YES;
				CLANG_WARN_INFINITE_RECURSION = YES;
				CLANG_WARN_INT_CONVERSION = YES;
				CLANG_WARN_OBJC_ROOT_CLASS = YES_ERROR;
				CLANG_WARN_SUSPICIOUS_MOVE = YES;
				CLANG_WARN_UNREACHABLE_CODE = YES;
				CLANG_WARN__DUPLICATE_METHOD_MATCH = YES;
				"CODE_SIGN_IDENTITY[sdk=iphoneos*]" = "iPhone Developer";
				COPY_PHASE_STRIP = NO;
				DEBUG_INFORMATION_FORMAT = dwarf;
				ENABLE_STRICT_OBJC_MSGSEND = YES;
				ENABLE_TESTABILITY = YES;
				GCC_C_LANGUAGE_STANDARD = gnu99;
				GCC_DYNAMIC_NO_PIC = NO;
				GCC_NO_COMMON_BLOCKS = YES;
				GCC_OPTIMIZATION_LEVEL = 0;
				GCC_PREPROCESSOR_DEFINITIONS = (
					"DEBUG=1",
					"$(inherited)",
				);
				GCC_WARN_64_TO_32_BIT_CONVERSION = YES;
				GCC_WARN_ABOUT_RETURN_TYPE = YES_ERROR;
				GCC_WARN_UNDECLARED_SELECTOR = YES;
				GCC_WARN_UNINITIALIZED_AUTOS = YES_AGGRESSIVE;
				GCC_WARN_UNUSED_FUNCTION = YES;
				GCC_WARN_UNUSED_VARIABLE = YES;
				IPHONEOS_DEPLOYMENT_TARGET = 10.2;
				MTL_ENABLE_DEBUG_INFO = YES;
				ONLY_ACTIVE_ARCH = YES;
				SDKROOT = iphoneos;
			};
			name = Debug;
		};
		BE6D6AAA1E83BCF10017D3AF /* Release */ = {
			isa = XCBuildConfiguration;
			buildSettings = {
				ALWAYS_SEARCH_USER_PATHS = NO;
				CLANG_ANALYZER_NONNULL = YES;
				CLANG_CXX_LANGUAGE_STANDARD = "gnu++0x";
				CLANG_CXX_LIBRARY = "libc++";
				CLANG_ENABLE_MODULES = YES;
				CLANG_ENABLE_OBJC_ARC = YES;
				CLANG_WARN_BOOL_CONVERSION = YES;
				CLANG_WARN_CONSTANT_CONVERSION = YES;
				CLANG_WARN_DIRECT_OBJC_ISA_USAGE = YES_ERROR;
				CLANG_WARN_DOCUMENTATION_COMMENTS = YES;
				CLANG_WARN_EMPTY_BODY = YES;
				CLANG_WARN_ENUM_CONVERSION = YES;
				CLANG_WARN_INFINITE_RECURSION = YES;
				CLANG_WARN_INT_CONVERSION = YES;
				CLANG_WARN_OBJC_ROOT_CLASS = YES_ERROR;
				CLANG_WARN_SUSPICIOUS_MOVE = YES;
				CLANG_WARN_UNREACHABLE_CODE = YES;
				CLANG_WARN__DUPLICATE_METHOD_MATCH = YES;
				"CODE_SIGN_IDENTITY[sdk=iphoneos*]" = "iPhone Developer";
				COPY_PHASE_STRIP = NO;
				DEBUG_INFORMATION_FORMAT = "dwarf-with-dsym";
				ENABLE_NS_ASSERTIONS = NO;
				ENABLE_STRICT_OBJC_MSGSEND = YES;
				GCC_C_LANGUAGE_STANDARD = gnu99;
				GCC_NO_COMMON_BLOCKS = YES;
				GCC_WARN_64_TO_32_BIT_CONVERSION = YES;
				GCC_WARN_ABOUT_RETURN_TYPE = YES_ERROR;
				GCC_WARN_UNDECLARED_SELECTOR = YES;
				GCC_WARN_UNINITIALIZED_AUTOS = YES_AGGRESSIVE;
				GCC_WARN_UNUSED_FUNCTION = YES;
				GCC_WARN_UNUSED_VARIABLE = YES;
				IPHONEOS_DEPLOYMENT_TARGET = 10.2;
				MTL_ENABLE_DEBUG_INFO = NO;
				SDKROOT = iphoneos;
				VALIDATE_PRODUCT = YES;
			};
			name = Release;
		};
		BE6D6AAC1E83BCF10017D3AF /* Debug */ = {
			isa = XCBuildConfiguration;
			buildSettings = {
				ASSETCATALOG_COMPILER_APPICON_NAME = AppIcon;
				DEVELOPMENT_TEAM = 3RJ7DZKE88;
				INFOPLIST_FILE = IdentityWebview/Info.plist;
				LD_RUNPATH_SEARCH_PATHS = "$(inherited) @executable_path/Frameworks";
				PRODUCT_BUNDLE_IDENTIFIER = com.mtzn.IdentityWebview;
				PRODUCT_NAME = "$(TARGET_NAME)";
			};
			name = Debug;
		};
		BE6D6AAD1E83BCF10017D3AF /* Release */ = {
			isa = XCBuildConfiguration;
			buildSettings = {
				ASSETCATALOG_COMPILER_APPICON_NAME = AppIcon;
				DEVELOPMENT_TEAM = 3RJ7DZKE88;
				INFOPLIST_FILE = IdentityWebview/Info.plist;
				LD_RUNPATH_SEARCH_PATHS = "$(inherited) @executable_path/Frameworks";
				PRODUCT_BUNDLE_IDENTIFIER = com.mtzn.IdentityWebview;
				PRODUCT_NAME = "$(TARGET_NAME)";
			};
			name = Release;
		};
/* End XCBuildConfiguration section */

/* Begin XCConfigurationList section */
		BE6D6A8F1E83BCF10017D3AF /* Build configuration list for PBXProject "IdentityWebview" */ = {
			isa = XCConfigurationList;
			buildConfigurations = (
				BE6D6AA91E83BCF10017D3AF /* Debug */,
				BE6D6AAA1E83BCF10017D3AF /* Release */,
			);
			defaultConfigurationIsVisible = 0;
			defaultConfigurationName = Release;
		};
		BE6D6AAB1E83BCF10017D3AF /* Build configuration list for PBXNativeTarget "IdentityWebview" */ = {
			isa = XCConfigurationList;
			buildConfigurations = (
				BE6D6AAC1E83BCF10017D3AF /* Debug */,
				BE6D6AAD1E83BCF10017D3AF /* Release */,
			);
			defaultConfigurationIsVisible = 0;
		};
/* End XCConfigurationList section */
	};
	rootObject = BE6D6A8C1E83BCF10017D3AF /* Project object */;
}
